
Microsoft Visual Studio Solution File, Format Version 12.00
# Visual Studio Version 17
VisualStudioVersion = 17.12.35514.174 d17.12
MinimumVisualStudioVersion = 10.0.40219.1
Project("{FAE04EC0-301F-11D3-BF4B-00C04F79EFBC}") = "HelloWorldApp", "HelloWorldApp\HelloWorldApp.csproj", "{EF361C57-6EE3-4B6E-9D81-579BC2EE8DB5}"
EndProject
Project("{FAE04EC0-301F-11D3-BF4B-00C04F79EFBC}") = "Catalog", "Catalog\Catalog.csproj", "{10A60C43-1FEE-4004-A41A-E5875FE9F4C4}"
EndProject
Project("{2150E333-8FDC-42A3-9474-1A3956D46DE8}") = "DotNetFrmwork", "DotNetFrmwork", "{71BDB6D2-E1DC-4F01-BA27-9E24DBB9A489}"
EndProject
Project("{2150E333-8FDC-42A3-9474-1A3956D46DE8}") = "DotnetCore", "DotnetCore", "{DDEC8540-1AEE-4CAE-900D-718474E501FE}"
EndProject
Project("{FAE04EC0-301F-11D3-BF4B-00C04F79EFBC}") = "TestApp", "TestApp\TestApp.csproj", "{B7D334EB-311E-4896-9641-6A1DEF922B7E}"
EndProject
Global
	GlobalSection(SolutionConfigurationPlatforms) = preSolution
		Debug|Any CPU = Debug|Any CPU
		Release|Any CPU = Release|Any CPU
	EndGlobalSection
	GlobalSection(ProjectConfigurationPlatforms) = postSolution
		{EF361C57-6EE3-4B6E-9D81-579BC2EE8DB5}.Debug|Any CPU.ActiveCfg = Debug|Any CPU
		{EF361C57-6EE3-4B6E-9D81-579BC2EE8DB5}.Debug|Any CPU.Build.0 = Debug|Any CPU
		{EF361C57-6EE3-4B6E-9D81-579BC2EE8DB5}.Release|Any CPU.ActiveCfg = Release|Any CPU
		{EF361C57-6EE3-4B6E-9D81-579BC2EE8DB5}.Release|Any CPU.Build.0 = Release|Any CPU
		{10A60C43-1FEE-4004-A41A-E5875FE9F4C4}.Debug|Any CPU.ActiveCfg = Debug|Any CPU
		{10A60C43-1FEE-4004-A41A-E5875FE9F4C4}.Debug|Any CPU.Build.0 = Debug|Any CPU
		{10A60C43-1FEE-4004-A41A-E5875FE9F4C4}.Release|Any CPU.ActiveCfg = Release|Any CPU
		{10A60C43-1FEE-4004-A41A-E5875FE9F4C4}.Release|Any CPU.Build.0 = Release|Any CPU
		{B7D334EB-311E-4896-9641-6A1DEF922B7E}.Debug|Any CPU.ActiveCfg = Debug|Any CPU
		{B7D334EB-311E-4896-9641-6A1DEF922B7E}.Debug|Any CPU.Build.0 = Debug|Any CPU
		{B7D334EB-311E-4896-9641-6A1DEF922B7E}.Release|Any CPU.ActiveCfg = Release|Any CPU
		{B7D334EB-311E-4896-9641-6A1DEF922B7E}.Release|Any CPU.Build.0 = Release|Any CPU
	EndGlobalSection
	GlobalSection(SolutionProperties) = preSolution
		HideSolutionNode = FALSE
	EndGlobalSection
	GlobalSection(NestedProjects) = preSolution
		{EF361C57-6EE3-4B6E-9D81-579BC2EE8DB5} = {71BDB6D2-E1DC-4F01-BA27-9E24DBB9A489}
		{10A60C43-1FEE-4004-A41A-E5875FE9F4C4} = {71BDB6D2-E1DC-4F01-BA27-9E24DBB9A489}
		{B7D334EB-311E-4896-9641-6A1DEF922B7E} = {DDEC8540-1AEE-4CAE-900D-718474E501FE}
	EndGlobalSection
EndGlobal
