
Microsoft Visual Studio Solution File, Format Version 12.00
# Visual Studio Version 17
VisualStudioVersion = 17.5.002.0
MinimumVisualStudioVersion = 10.0.40219.1
Project("{9A19103F-16F7-4668-BE54-9A1E7A4F7556}") = "FileCleanupApp", "FileCleanupApp\FileCleanupApp.csproj", "{A0FD29CC-7979-49D9-AA6D-D76CE9019D8E}"
EndProject
Project("{9A19103F-16F7-4668-BE54-9A1E7A4F7556}") = "FileOperation", "FileOperation\FileOperation.csproj", "{E84F36A4-7DF7-4AA7-8C54-B7D1F66FDEB5}"
EndProject
Global
	GlobalSection(SolutionConfigurationPlatforms) = preSolution
		Debug|Any CPU = Debug|Any CPU
		Release|Any CPU = Release|Any CPU
	EndGlobalSection
	GlobalSection(ProjectConfigurationPlatforms) = postSolution
		{A0FD29CC-7979-49D9-AA6D-D76CE9019D8E}.Debug|Any CPU.ActiveCfg = Debug|Any CPU
		{A0FD29CC-7979-49D9-AA6D-D76CE9019D8E}.Debug|Any CPU.Build.0 = Debug|Any CPU
		{A0FD29CC-7979-49D9-AA6D-D76CE9019D8E}.Release|Any CPU.ActiveCfg = Release|Any CPU
		{A0FD29CC-7979-49D9-AA6D-D76CE9019D8E}.Release|Any CPU.Build.0 = Release|Any CPU
		{E84F36A4-7DF7-4AA7-8C54-B7D1F66FDEB5}.Debug|Any CPU.ActiveCfg = Debug|Any CPU
		{E84F36A4-7DF7-4AA7-8C54-B7D1F66FDEB5}.Debug|Any CPU.Build.0 = Debug|Any CPU
		{E84F36A4-7DF7-4AA7-8C54-B7D1F66FDEB5}.Release|Any CPU.ActiveCfg = Release|Any CPU
		{E84F36A4-7DF7-4AA7-8C54-B7D1F66FDEB5}.Release|Any CPU.Build.0 = Release|Any CPU
	EndGlobalSection
	GlobalSection(SolutionProperties) = preSolution
		HideSolutionNode = FALSE
	EndGlobalSection
	GlobalSection(ExtensibilityGlobals) = postSolution
		SolutionGuid = {E3ABD6B1-6F45-4A24-BD29-758CB056432A}
	EndGlobalSection
EndGlobal
