
Microsoft Visual Studio Solution File, Format Version 12.00
# Visual Studio Version 17
VisualStudioVersion = 17.5.002.0
MinimumVisualStudioVersion = 10.0.40219.1
Project("{9A19103F-16F7-4668-BE54-9A1E7A4F7556}") = "LibraryManagement", "LibraryManagement\LibraryManagement.csproj", "{C2E3B48F-FB35-4A1D-8A36-BF1F2D65E498}"
EndProject
Project("{9A19103F-16F7-4668-BE54-9A1E7A4F7556}") = "LibraryManagementApp", "LibraryManagementApp\LibraryManagementApp.csproj", "{6901479A-1617-49A9-8BEB-7A03DBFAC3A1}"
EndProject
Global
	GlobalSection(SolutionConfigurationPlatforms) = preSolution
		Debug|Any CPU = Debug|Any CPU
		Release|Any CPU = Release|Any CPU
	EndGlobalSection
	GlobalSection(ProjectConfigurationPlatforms) = postSolution
		{C2E3B48F-FB35-4A1D-8A36-BF1F2D65E498}.Debug|Any CPU.ActiveCfg = Debug|Any CPU
		{C2E3B48F-FB35-4A1D-8A36-BF1F2D65E498}.Debug|Any CPU.Build.0 = Debug|Any CPU
		{C2E3B48F-FB35-4A1D-8A36-BF1F2D65E498}.Release|Any CPU.ActiveCfg = Release|Any CPU
		{C2E3B48F-FB35-4A1D-8A36-BF1F2D65E498}.Release|Any CPU.Build.0 = Release|Any CPU
		{6901479A-1617-49A9-8BEB-7A03DBFAC3A1}.Debug|Any CPU.ActiveCfg = Debug|Any CPU
		{6901479A-1617-49A9-8BEB-7A03DBFAC3A1}.Debug|Any CPU.Build.0 = Debug|Any CPU
		{6901479A-1617-49A9-8BEB-7A03DBFAC3A1}.Release|Any CPU.ActiveCfg = Release|Any CPU
		{6901479A-1617-49A9-8BEB-7A03DBFAC3A1}.Release|Any CPU.Build.0 = Release|Any CPU
	EndGlobalSection
	GlobalSection(SolutionProperties) = preSolution
		HideSolutionNode = FALSE
	EndGlobalSection
	GlobalSection(ExtensibilityGlobals) = postSolution
		SolutionGuid = {7A483B01-8306-480C-871B-606E4F2C2D99}
	EndGlobalSection
EndGlobal
