
Microsoft Visual Studio Solution File, Format Version 12.00
# Visual Studio Version 17
VisualStudioVersion = 17.0.31903.59
MinimumVisualStudioVersion = 10.0.40219.1
Project("{FAE04EC0-301F-11D3-BF4B-00C04F79EFBC}") = "testApp", "testApp\testApp.csproj", "{CA555CE1-F571-4B59-A99A-D30F1D594D4B}"
EndProject
Project("{FAE04EC0-301F-11D3-BF4B-00C04F79EFBC}") = "StudentSystem", "StudentSystem\StudentSystem.csproj", "{A6A41BF0-384C-4BB8-9CFC-A9F72C2AEAC2}"
EndProject
Global
	GlobalSection(SolutionConfigurationPlatforms) = preSolution
		Debug|Any CPU = Debug|Any CPU
		Release|Any CPU = Release|Any CPU
	EndGlobalSection
	GlobalSection(SolutionProperties) = preSolution
		HideSolutionNode = FALSE
	EndGlobalSection
	GlobalSection(ProjectConfigurationPlatforms) = postSolution
		{CA555CE1-F571-4B59-A99A-D30F1D594D4B}.Debug|Any CPU.ActiveCfg = Debug|Any CPU
		{CA555CE1-F571-4B59-A99A-D30F1D594D4B}.Debug|Any CPU.Build.0 = Debug|Any CPU
		{CA555CE1-F571-4B59-A99A-D30F1D594D4B}.Release|Any CPU.ActiveCfg = Release|Any CPU
		{CA555CE1-F571-4B59-A99A-D30F1D594D4B}.Release|Any CPU.Build.0 = Release|Any CPU
		{A6A41BF0-384C-4BB8-9CFC-A9F72C2AEAC2}.Debug|Any CPU.ActiveCfg = Debug|Any CPU
		{A6A41BF0-384C-4BB8-9CFC-A9F72C2AEAC2}.Debug|Any CPU.Build.0 = Debug|Any CPU
		{A6A41BF0-384C-4BB8-9CFC-A9F72C2AEAC2}.Release|Any CPU.ActiveCfg = Release|Any CPU
		{A6A41BF0-384C-4BB8-9CFC-A9F72C2AEAC2}.Release|Any CPU.Build.0 = Release|Any CPU
	EndGlobalSection
EndGlobal
